
Microsoft Visual Studio Solution File, Format Version 12.00
# Visual Studio Version 17
VisualStudioVersion = 17.8.34330.188
MinimumVisualStudioVersion = 10.0.40219.1
Project("{FAE04EC0-301F-11D3-BF4B-00C04F79EFBC}") = "github-project-02", "github-project-02\github-project-02.csproj", "{1FDD6D53-5C51-4D67-8605-EA9101CC6824}"
EndProject
Global
	GlobalSection(SolutionConfigurationPlatforms) = preSolution
		Debug|Any CPU = Debug|Any CPU
		Release|Any CPU = Release|Any CPU
	EndGlobalSection
	GlobalSection(ProjectConfigurationPlatforms) = postSolution
		{1FDD6D53-5C51-4D67-8605-EA9101CC6824}.Debug|Any CPU.ActiveCfg = Debug|Any CPU
		{1FDD6D53-5C51-4D67-8605-EA9101CC6824}.Debug|Any CPU.Build.0 = Debug|Any CPU
		{1FDD6D53-5C51-4D67-8605-EA9101CC6824}.Release|Any CPU.ActiveCfg = Release|Any CPU
		{1FDD6D53-5C51-4D67-8605-EA9101CC6824}.Release|Any CPU.Build.0 = Release|Any CPU
	EndGlobalSection
	GlobalSection(SolutionProperties) = preSolution
		HideSolutionNode = FALSE
	EndGlobalSection
	GlobalSection(ExtensibilityGlobals) = postSolution
		SolutionGuid = {39199CAB-A67D-42F1-B0F5-AF5795A2A313}
	EndGlobalSection
EndGlobal
